// !$*UTF8*$!
{
	archiveVersion = 1;
	classes = {
	};
	objectVersion = 48;
	objects = {

/* Begin PBXBuildFile section */
		98046B4D1FBA13AF00ACCF79 /* ChatsViewController.swift in Sources */ = {isa = PBXBuildFile; fileRef = 98046B4C1FBA13AF00ACCF79 /* ChatsViewController.swift */; };
		98046B511FBA13CE00ACCF79 /* MessagesViewController.swift in Sources */ = {isa = PBXBuildFile; fileRef = 98046B501FBA13CE00ACCF79 /* MessagesViewController.swift */; };
		98046B551FBA140100ACCF79 /* CalendarViewController.swift in Sources */ = {isa = PBXBuildFile; fileRef = 98046B541FBA140100ACCF79 /* CalendarViewController.swift */; };
		98046B591FBA190F00ACCF79 /* Cartfile in Resources */ = {isa = PBXBuildFile; fileRef = 98046B581FBA190F00ACCF79 /* Cartfile */; };
		980D68B61FD50837002BEF3C /* CalendarDay.swift in Sources */ = {isa = PBXBuildFile; fileRef = 980D68B51FD50837002BEF3C /* CalendarDay.swift */; };
		9837ED5D1FD70F3400947333 /* ChatGraph.swift in Sources */ = {isa = PBXBuildFile; fileRef = 9837ED5C1FD70F3400947333 /* ChatGraph.swift */; };
		985E39021FCB4D79009BA3F2 /* Store.swift in Sources */ = {isa = PBXBuildFile; fileRef = 985E39011FCB4D79009BA3F2 /* Store.swift */; };
		985E39041FCB4DE1009BA3F2 /* ContactParser.swift in Sources */ = {isa = PBXBuildFile; fileRef = 985E39031FCB4DE1009BA3F2 /* ContactParser.swift */; };
		985E39071FCB4F39009BA3F2 /* DataCleaning.swift in Sources */ = {isa = PBXBuildFile; fileRef = 985E39061FCB4F39009BA3F2 /* DataCleaning.swift */; };
		98857630206E8EEA000DB5CE /* RealmSwift.framework in Frameworks */ = {isa = PBXBuildFile; fileRef = 9885762C206E8EE9000DB5CE /* RealmSwift.framework */; };
		98857631206E8EEA000DB5CE /* RealmSwift.framework in Embed Frameworks */ = {isa = PBXBuildFile; fileRef = 9885762C206E8EE9000DB5CE /* RealmSwift.framework */; settings = {ATTRIBUTES = (CodeSignOnCopy, RemoveHeadersOnCopy, ); }; };
		98857632206E8EEA000DB5CE /* SnapKit.framework in Frameworks */ = {isa = PBXBuildFile; fileRef = 9885762D206E8EE9000DB5CE /* SnapKit.framework */; };
		98857633206E8EEA000DB5CE /* SnapKit.framework in Embed Frameworks */ = {isa = PBXBuildFile; fileRef = 9885762D206E8EE9000DB5CE /* SnapKit.framework */; settings = {ATTRIBUTES = (CodeSignOnCopy, RemoveHeadersOnCopy, ); }; };
		98857634206E8EEA000DB5CE /* SQLite.framework in Frameworks */ = {isa = PBXBuildFile; fileRef = 9885762E206E8EEA000DB5CE /* SQLite.framework */; };
		98857635206E8EEA000DB5CE /* SQLite.framework in Embed Frameworks */ = {isa = PBXBuildFile; fileRef = 9885762E206E8EEA000DB5CE /* SQLite.framework */; settings = {ATTRIBUTES = (CodeSignOnCopy, RemoveHeadersOnCopy, ); }; };
		98857636206E8EEA000DB5CE /* Realm.framework in Frameworks */ = {isa = PBXBuildFile; fileRef = 9885762F206E8EEA000DB5CE /* Realm.framework */; };
		98857637206E8EEA000DB5CE /* Realm.framework in Embed Frameworks */ = {isa = PBXBuildFile; fileRef = 9885762F206E8EEA000DB5CE /* Realm.framework */; settings = {ATTRIBUTES = (CodeSignOnCopy, RemoveHeadersOnCopy, ); }; };
		9885763C206E8EF7000DB5CE /* SnapKit.framework.dSYM in Resources */ = {isa = PBXBuildFile; fileRef = 98857638206E8EF7000DB5CE /* SnapKit.framework.dSYM */; };
		9885763D206E8EF7000DB5CE /* Realm.framework.dSYM in Resources */ = {isa = PBXBuildFile; fileRef = 98857639206E8EF7000DB5CE /* Realm.framework.dSYM */; };
		9885763E206E8EF7000DB5CE /* SQLite.framework.dSYM in Resources */ = {isa = PBXBuildFile; fileRef = 9885763A206E8EF7000DB5CE /* SQLite.framework.dSYM */; };
		9885763F206E8EF7000DB5CE /* RealmSwift.framework.dSYM in Resources */ = {isa = PBXBuildFile; fileRef = 9885763B206E8EF7000DB5CE /* RealmSwift.framework.dSYM */; };
		988E76111FBB2D9000A782DF /* CalendarView.swift in Sources */ = {isa = PBXBuildFile; fileRef = 988E76101FBB2D9000A782DF /* CalendarView.swift */; };
		98F275741FB91D1600EB1241 /* AppDelegate.swift in Sources */ = {isa = PBXBuildFile; fileRef = 98F275731FB91D1600EB1241 /* AppDelegate.swift */; };
		98F275781FB91D1600EB1241 /* Assets.xcassets in Resources */ = {isa = PBXBuildFile; fileRef = 98F275771FB91D1600EB1241 /* Assets.xcassets */; };
		98F2757B1FB91D1600EB1241 /* Main.storyboard in Resources */ = {isa = PBXBuildFile; fileRef = 98F275791FB91D1600EB1241 /* Main.storyboard */; };
		98FAFCF21FBDF55B00F242AC /* Models.swift in Sources */ = {isa = PBXBuildFile; fileRef = 98FAFCF11FBDF55B00F242AC /* Models.swift */; };
		98FAFCF61FBE04D600F242AC /* iMessageParser.swift in Sources */ = {isa = PBXBuildFile; fileRef = 98FAFCF51FBE04D600F242AC /* iMessageParser.swift */; };
/* End PBXBuildFile section */

/* Begin PBXCopyFilesBuildPhase section */
		98B887441FBA1D5200D65C96 /* Embed Frameworks */ = {
			isa = PBXCopyFilesBuildPhase;
			buildActionMask = 2147483647;
			dstPath = "";
			dstSubfolderSpec = 10;
			files = (
				98857637206E8EEA000DB5CE /* Realm.framework in Embed Frameworks */,
				98857631206E8EEA000DB5CE /* RealmSwift.framework in Embed Frameworks */,
				98857633206E8EEA000DB5CE /* SnapKit.framework in Embed Frameworks */,
				98857635206E8EEA000DB5CE /* SQLite.framework in Embed Frameworks */,
			);
			name = "Embed Frameworks";
			runOnlyForDeploymentPostprocessing = 0;
		};
		98B887451FBA1D8100D65C96 /* CopyFiles */ = {
			isa = PBXCopyFilesBuildPhase;
			buildActionMask = 2147483647;
			dstPath = "";
			dstSubfolderSpec = 16;
			files = (
			);
			runOnlyForDeploymentPostprocessing = 0;
		};
/* End PBXCopyFilesBuildPhase section */

/* Begin PBXFileReference section */
		98046B4C1FBA13AF00ACCF79 /* ChatsViewController.swift */ = {isa = PBXFileReference; lastKnownFileType = sourcecode.swift; path = ChatsViewController.swift; sourceTree = "<group>"; };
		98046B501FBA13CE00ACCF79 /* MessagesViewController.swift */ = {isa = PBXFileReference; lastKnownFileType = sourcecode.swift; path = MessagesViewController.swift; sourceTree = "<group>"; };
		98046B541FBA140100ACCF79 /* CalendarViewController.swift */ = {isa = PBXFileReference; lastKnownFileType = sourcecode.swift; path = CalendarViewController.swift; sourceTree = "<group>"; };
		98046B581FBA190F00ACCF79 /* Cartfile */ = {isa = PBXFileReference; lastKnownFileType = text; path = Cartfile; sourceTree = "<group>"; };
		980D68B51FD50837002BEF3C /* CalendarDay.swift */ = {isa = PBXFileReference; lastKnownFileType = sourcecode.swift; path = CalendarDay.swift; sourceTree = "<group>"; };
		9837ED5C1FD70F3400947333 /* ChatGraph.swift */ = {isa = PBXFileReference; lastKnownFileType = sourcecode.swift; path = ChatGraph.swift; sourceTree = "<group>"; };
		985E39011FCB4D79009BA3F2 /* Store.swift */ = {isa = PBXFileReference; lastKnownFileType = sourcecode.swift; path = Store.swift; sourceTree = "<group>"; };
		985E39031FCB4DE1009BA3F2 /* ContactParser.swift */ = {isa = PBXFileReference; lastKnownFileType = sourcecode.swift; path = ContactParser.swift; sourceTree = "<group>"; };
		985E39061FCB4F39009BA3F2 /* DataCleaning.swift */ = {isa = PBXFileReference; lastKnownFileType = sourcecode.swift; path = DataCleaning.swift; sourceTree = "<group>"; };
		9885762C206E8EE9000DB5CE /* RealmSwift.framework */ = {isa = PBXFileReference; lastKnownFileType = wrapper.framework; name = RealmSwift.framework; path = Carthage/Build/Mac/RealmSwift.framework; sourceTree = "<group>"; };
		9885762D206E8EE9000DB5CE /* SnapKit.framework */ = {isa = PBXFileReference; lastKnownFileType = wrapper.framework; name = SnapKit.framework; path = Carthage/Build/Mac/SnapKit.framework; sourceTree = "<group>"; };
		9885762E206E8EEA000DB5CE /* SQLite.framework */ = {isa = PBXFileReference; lastKnownFileType = wrapper.framework; name = SQLite.framework; path = Carthage/Build/Mac/SQLite.framework; sourceTree = "<group>"; };
		9885762F206E8EEA000DB5CE /* Realm.framework */ = {isa = PBXFileReference; lastKnownFileType = wrapper.framework; name = Realm.framework; path = Carthage/Build/Mac/Realm.framework; sourceTree = "<group>"; };
		98857638206E8EF7000DB5CE /* SnapKit.framework.dSYM */ = {isa = PBXFileReference; lastKnownFileType = wrapper.dsym; name = SnapKit.framework.dSYM; path = Carthage/Build/Mac/SnapKit.framework.dSYM; sourceTree = "<group>"; };
		98857639206E8EF7000DB5CE /* Realm.framework.dSYM */ = {isa = PBXFileReference; lastKnownFileType = wrapper.dsym; name = Realm.framework.dSYM; path = Carthage/Build/Mac/Realm.framework.dSYM; sourceTree = "<group>"; };
		9885763A206E8EF7000DB5CE /* SQLite.framework.dSYM */ = {isa = PBXFileReference; lastKnownFileType = wrapper.dsym; name = SQLite.framework.dSYM; path = Carthage/Build/Mac/SQLite.framework.dSYM; sourceTree = "<group>"; };
		9885763B206E8EF7000DB5CE /* RealmSwift.framework.dSYM */ = {isa = PBXFileReference; lastKnownFileType = wrapper.dsym; name = RealmSwift.framework.dSYM; path = Carthage/Build/Mac/RealmSwift.framework.dSYM; sourceTree = "<group>"; };
		988E76101FBB2D9000A782DF /* CalendarView.swift */ = {isa = PBXFileReference; lastKnownFileType = sourcecode.swift; path = CalendarView.swift; sourceTree = "<group>"; };
		98F275701FB91D1600EB1241 /* MessageMap.app */ = {isa = PBXFileReference; explicitFileType = wrapper.application; includeInIndex = 0; path = MessageMap.app; sourceTree = BUILT_PRODUCTS_DIR; };
		98F275731FB91D1600EB1241 /* AppDelegate.swift */ = {isa = PBXFileReference; lastKnownFileType = sourcecode.swift; path = AppDelegate.swift; sourceTree = "<group>"; };
		98F275771FB91D1600EB1241 /* Assets.xcassets */ = {isa = PBXFileReference; lastKnownFileType = folder.assetcatalog; path = Assets.xcassets; sourceTree = "<group>"; };
		98F2757A1FB91D1600EB1241 /* Base */ = {isa = PBXFileReference; lastKnownFileType = file.storyboard; name = Base; path = Base.lproj/Main.storyboard; sourceTree = "<group>"; };
		98F2757C1FB91D1600EB1241 /* Info.plist */ = {isa = PBXFileReference; lastKnownFileType = text.plist.xml; path = Info.plist; sourceTree = "<group>"; };
		98F2757D1FB91D1600EB1241 /* MessageMap.entitlements */ = {isa = PBXFileReference; lastKnownFileType = text.plist.entitlements; path = MessageMap.entitlements; sourceTree = "<group>"; };
		98FAFCE11FBDF42500F242AC /* Realm.framework */ = {isa = PBXFileReference; lastKnownFileType = wrapper.framework; name = Realm.framework; path = Carthage/Build/Mac/Realm.framework; sourceTree = "<group>"; };
		98FAFCE31FBDF42800F242AC /* RealmSwift.framework */ = {isa = PBXFileReference; lastKnownFileType = wrapper.framework; name = RealmSwift.framework; path = Carthage/Build/Mac/RealmSwift.framework; sourceTree = "<group>"; };
		98FAFCF11FBDF55B00F242AC /* Models.swift */ = {isa = PBXFileReference; lastKnownFileType = sourcecode.swift; path = Models.swift; sourceTree = "<group>"; };
		98FAFCF51FBE04D600F242AC /* iMessageParser.swift */ = {isa = PBXFileReference; lastKnownFileType = sourcecode.swift; path = iMessageParser.swift; sourceTree = "<group>"; };
		98FAFCF91FBE0DAB00F242AC /* SQLite.framework */ = {isa = PBXFileReference; lastKnownFileType = wrapper.framework; name = SQLite.framework; path = Carthage/Build/Mac/SQLite.framework; sourceTree = "<group>"; };
/* End PBXFileReference section */

/* Begin PBXFrameworksBuildPhase section */
		98F2756D1FB91D1600EB1241 /* Frameworks */ = {
			isa = PBXFrameworksBuildPhase;
			buildActionMask = 2147483647;
			files = (
				98857636206E8EEA000DB5CE /* Realm.framework in Frameworks */,
				98857630206E8EEA000DB5CE /* RealmSwift.framework in Frameworks */,
				98857632206E8EEA000DB5CE /* SnapKit.framework in Frameworks */,
				98857634206E8EEA000DB5CE /* SQLite.framework in Frameworks */,
			);
			runOnlyForDeploymentPostprocessing = 0;
		};
/* End PBXFrameworksBuildPhase section */

/* Begin PBXGroup section */
		985E39051FCB4E76009BA3F2 /* Data */ = {
			isa = PBXGroup;
			children = (
				985E39011FCB4D79009BA3F2 /* Store.swift */,
				98FAFCF11FBDF55B00F242AC /* Models.swift */,
				98FAFCF51FBE04D600F242AC /* iMessageParser.swift */,
				985E39031FCB4DE1009BA3F2 /* ContactParser.swift */,
				985E39061FCB4F39009BA3F2 /* DataCleaning.swift */,
			);
			path = Data;
			sourceTree = "<group>";
		};
		98F275671FB91D1600EB1241 = {
			isa = PBXGroup;
			children = (
				9885762F206E8EEA000DB5CE /* Realm.framework */,
				9885762C206E8EE9000DB5CE /* RealmSwift.framework */,
				9885762D206E8EE9000DB5CE /* SnapKit.framework */,
				9885762E206E8EEA000DB5CE /* SQLite.framework */,
				98857639206E8EF7000DB5CE /* Realm.framework.dSYM */,
				9885763B206E8EF7000DB5CE /* RealmSwift.framework.dSYM */,
				98857638206E8EF7000DB5CE /* SnapKit.framework.dSYM */,
				9885763A206E8EF7000DB5CE /* SQLite.framework.dSYM */,
				98046B581FBA190F00ACCF79 /* Cartfile */,
				98F275721FB91D1600EB1241 /* MessageMap */,
				98F275711FB91D1600EB1241 /* Products */,
				98FAFCE01FBDF42500F242AC /* Frameworks */,
			);
			sourceTree = "<group>";
		};
		98F275711FB91D1600EB1241 /* Products */ = {
			isa = PBXGroup;
			children = (
				98F275701FB91D1600EB1241 /* MessageMap.app */,
			);
			name = Products;
			sourceTree = "<group>";
		};
		98F275721FB91D1600EB1241 /* MessageMap */ = {
			isa = PBXGroup;
			children = (
				98F275791FB91D1600EB1241 /* Main.storyboard */,
				98F275731FB91D1600EB1241 /* AppDelegate.swift */,
				985E39051FCB4E76009BA3F2 /* Data */,
				98046B4C1FBA13AF00ACCF79 /* ChatsViewController.swift */,
				9837ED5C1FD70F3400947333 /* ChatGraph.swift */,
				98046B501FBA13CE00ACCF79 /* MessagesViewController.swift */,
				98046B541FBA140100ACCF79 /* CalendarViewController.swift */,
				988E76101FBB2D9000A782DF /* CalendarView.swift */,
				980D68B51FD50837002BEF3C /* CalendarDay.swift */,
				98F275771FB91D1600EB1241 /* Assets.xcassets */,
				98F2757C1FB91D1600EB1241 /* Info.plist */,
				98F2757D1FB91D1600EB1241 /* MessageMap.entitlements */,
			);
			path = MessageMap;
			sourceTree = "<group>";
		};
		98FAFCE01FBDF42500F242AC /* Frameworks */ = {
			isa = PBXGroup;
			children = (
				98FAFCF91FBE0DAB00F242AC /* SQLite.framework */,
				98FAFCE31FBDF42800F242AC /* RealmSwift.framework */,
				98FAFCE11FBDF42500F242AC /* Realm.framework */,
			);
			name = Frameworks;
			sourceTree = "<group>";
		};
/* End PBXGroup section */

/* Begin PBXNativeTarget section */
		98F2756F1FB91D1600EB1241 /* MessageMap */ = {
			isa = PBXNativeTarget;
			buildConfigurationList = 98F275961FB91D1600EB1241 /* Build configuration list for PBXNativeTarget "MessageMap" */;
			buildPhases = (
				98F2756C1FB91D1600EB1241 /* Sources */,
				98F2756D1FB91D1600EB1241 /* Frameworks */,
				98F2756E1FB91D1600EB1241 /* Resources */,
				98B887441FBA1D5200D65C96 /* Embed Frameworks */,
				98B887451FBA1D8100D65C96 /* CopyFiles */,
			);
			buildRules = (
			);
			dependencies = (
			);
			name = MessageMap;
			productName = MessageMap;
			productReference = 98F275701FB91D1600EB1241 /* MessageMap.app */;
			productType = "com.apple.product-type.application";
		};
/* End PBXNativeTarget section */

/* Begin PBXProject section */
		98F275681FB91D1600EB1241 /* Project object */ = {
			isa = PBXProject;
			attributes = {
				LastSwiftUpdateCheck = 0910;
				LastUpgradeCheck = 0910;
				ORGANIZATIONNAME = "Max Greenwald";
				TargetAttributes = {
					98F2756F1FB91D1600EB1241 = {
						CreatedOnToolsVersion = 9.1;
						ProvisioningStyle = Automatic;
						SystemCapabilities = {
							com.apple.Sandbox = {
								enabled = 0;
							};
						};
					};
				};
			};
			buildConfigurationList = 98F2756B1FB91D1600EB1241 /* Build configuration list for PBXProject "MessageMap" */;
			compatibilityVersion = "Xcode 8.0";
			developmentRegion = en;
			hasScannedForEncodings = 0;
			knownRegions = (
				en,
				Base,
			);
			mainGroup = 98F275671FB91D1600EB1241;
			productRefGroup = 98F275711FB91D1600EB1241 /* Products */;
			projectDirPath = "";
			projectRoot = "";
			targets = (
				98F2756F1FB91D1600EB1241 /* MessageMap */,
			);
		};
/* End PBXProject section */

/* Begin PBXResourcesBuildPhase section */
		98F2756E1FB91D1600EB1241 /* Resources */ = {
			isa = PBXResourcesBuildPhase;
			buildActionMask = 2147483647;
			files = (
				98046B591FBA190F00ACCF79 /* Cartfile in Resources */,
				98F275781FB91D1600EB1241 /* Assets.xcassets in Resources */,
				9885763E206E8EF7000DB5CE /* SQLite.framework.dSYM in Resources */,
				9885763D206E8EF7000DB5CE /* Realm.framework.dSYM in Resources */,
				98F2757B1FB91D1600EB1241 /* Main.storyboard in Resources */,
				9885763C206E8EF7000DB5CE /* SnapKit.framework.dSYM in Resources */,
				9885763F206E8EF7000DB5CE /* RealmSwift.framework.dSYM in Resources */,
			);
			runOnlyForDeploymentPostprocessing = 0;
		};
/* End PBXResourcesBuildPhase section */

/* Begin PBXSourcesBuildPhase section */
		98F2756C1FB91D1600EB1241 /* Sources */ = {
			isa = PBXSourcesBuildPhase;
			buildActionMask = 2147483647;
			files = (
				980D68B61FD50837002BEF3C /* CalendarDay.swift in Sources */,
				985E39071FCB4F39009BA3F2 /* DataCleaning.swift in Sources */,
				98FAFCF61FBE04D600F242AC /* iMessageParser.swift in Sources */,
				988E76111FBB2D9000A782DF /* CalendarView.swift in Sources */,
				98046B551FBA140100ACCF79 /* CalendarViewController.swift in Sources */,
				985E39021FCB4D79009BA3F2 /* Store.swift in Sources */,
				98046B511FBA13CE00ACCF79 /* MessagesViewController.swift in Sources */,
				98FAFCF21FBDF55B00F242AC /* Models.swift in Sources */,
				9837ED5D1FD70F3400947333 /* ChatGraph.swift in Sources */,
				98046B4D1FBA13AF00ACCF79 /* ChatsViewController.swift in Sources */,
				98F275741FB91D1600EB1241 /* AppDelegate.swift in Sources */,
				985E39041FCB4DE1009BA3F2 /* ContactParser.swift in Sources */,
			);
			runOnlyForDeploymentPostprocessing = 0;
		};
/* End PBXSourcesBuildPhase section */

/* Begin PBXVariantGroup section */
		98F275791FB91D1600EB1241 /* Main.storyboard */ = {
			isa = PBXVariantGroup;
			children = (
				98F2757A1FB91D1600EB1241 /* Base */,
			);
			name = Main.storyboard;
			sourceTree = "<group>";
		};
/* End PBXVariantGroup section */

/* Begin XCBuildConfiguration section */
		98F275941FB91D1600EB1241 /* Debug */ = {
			isa = XCBuildConfiguration;
			buildSettings = {
				ALWAYS_SEARCH_USER_PATHS = NO;
				CLANG_ANALYZER_NONNULL = YES;
				CLANG_ANALYZER_NUMBER_OBJECT_CONVERSION = YES_AGGRESSIVE;
				CLANG_CXX_LANGUAGE_STANDARD = "gnu++14";
				CLANG_CXX_LIBRARY = "libc++";
				CLANG_ENABLE_MODULES = YES;
				CLANG_ENABLE_OBJC_ARC = YES;
				CLANG_WARN_BLOCK_CAPTURE_AUTORELEASING = YES;
				CLANG_WARN_BOOL_CONVERSION = YES;
				CLANG_WARN_COMMA = YES;
				CLANG_WARN_CONSTANT_CONVERSION = YES;
				CLANG_WARN_DIRECT_OBJC_ISA_USAGE = YES_ERROR;
				CLANG_WARN_DOCUMENTATION_COMMENTS = YES;
				CLANG_WARN_EMPTY_BODY = YES;
				CLANG_WARN_ENUM_CONVERSION = YES;
				CLANG_WARN_INFINITE_RECURSION = YES;
				CLANG_WARN_INT_CONVERSION = YES;
				CLANG_WARN_NON_LITERAL_NULL_CONVERSION = YES;
				CLANG_WARN_OBJC_LITERAL_CONVERSION = YES;
				CLANG_WARN_OBJC_ROOT_CLASS = YES_ERROR;
				CLANG_WARN_RANGE_LOOP_ANALYSIS = YES;
				CLANG_WARN_STRICT_PROTOTYPES = YES;
				CLANG_WARN_SUSPICIOUS_MOVE = YES;
				CLANG_WARN_UNGUARDED_AVAILABILITY = YES_AGGRESSIVE;
				CLANG_WARN_UNREACHABLE_CODE = YES;
				CLANG_WARN__DUPLICATE_METHOD_MATCH = YES;
				CODE_SIGN_IDENTITY = "Mac Developer";
				COPY_PHASE_STRIP = NO;
				DEBUG_INFORMATION_FORMAT = dwarf;
				ENABLE_STRICT_OBJC_MSGSEND = YES;
				ENABLE_TESTABILITY = YES;
				FRAMEWORK_SEARCH_PATHS = "$(SRCROOT)/**";
				GCC_C_LANGUAGE_STANDARD = gnu11;
				GCC_DYNAMIC_NO_PIC = NO;
				GCC_NO_COMMON_BLOCKS = YES;
				GCC_OPTIMIZATION_LEVEL = 0;
				GCC_PREPROCESSOR_DEFINITIONS = (
					"DEBUG=1",
					"$(inherited)",
				);
				GCC_WARN_64_TO_32_BIT_CONVERSION = YES;
				GCC_WARN_ABOUT_RETURN_TYPE = YES_ERROR;
				GCC_WARN_UNDECLARED_SELECTOR = YES;
				GCC_WARN_UNINITIALIZED_AUTOS = YES_AGGRESSIVE;
				GCC_WARN_UNUSED_FUNCTION = YES;
				GCC_WARN_UNUSED_VARIABLE = YES;
				MACOSX_DEPLOYMENT_TARGET = 10.13;
				MTL_ENABLE_DEBUG_INFO = YES;
				ONLY_ACTIVE_ARCH = YES;
				SDKROOT = macosx;
				SWIFT_ACTIVE_COMPILATION_CONDITIONS = DEBUG;
				SWIFT_OPTIMIZATION_LEVEL = "-Onone";
			};
			name = Debug;
		};
		98F275951FB91D1600EB1241 /* Release */ = {
			isa = XCBuildConfiguration;
			buildSettings = {
				ALWAYS_SEARCH_USER_PATHS = NO;
				CLANG_ANALYZER_NONNULL = YES;
				CLANG_ANALYZER_NUMBER_OBJECT_CONVERSION = YES_AGGRESSIVE;
				CLANG_CXX_LANGUAGE_STANDARD = "gnu++14";
				CLANG_CXX_LIBRARY = "libc++";
				CLANG_ENABLE_MODULES = YES;
				CLANG_ENABLE_OBJC_ARC = YES;
				CLANG_WARN_BLOCK_CAPTURE_AUTORELEASING = YES;
				CLANG_WARN_BOOL_CONVERSION = YES;
				CLANG_WARN_COMMA = YES;
				CLANG_WARN_CONSTANT_CONVERSION = YES;
				CLANG_WARN_DIRECT_OBJC_ISA_USAGE = YES_ERROR;
				CLANG_WARN_DOCUMENTATION_COMMENTS = YES;
				CLANG_WARN_EMPTY_BODY = YES;
				CLANG_WARN_ENUM_CONVERSION = YES;
				CLANG_WARN_INFINITE_RECURSION = YES;
				CLANG_WARN_INT_CONVERSION = YES;
				CLANG_WARN_NON_LITERAL_NULL_CONVERSION = YES;
				CLANG_WARN_OBJC_LITERAL_CONVERSION = YES;
				CLANG_WARN_OBJC_ROOT_CLASS = YES_ERROR;
				CLANG_WARN_RANGE_LOOP_ANALYSIS = YES;
				CLANG_WARN_STRICT_PROTOTYPES = YES;
				CLANG_WARN_SUSPICIOUS_MOVE = YES;
				CLANG_WARN_UNGUARDED_AVAILABILITY = YES_AGGRESSIVE;
				CLANG_WARN_UNREACHABLE_CODE = YES;
				CLANG_WARN__DUPLICATE_METHOD_MATCH = YES;
				CODE_SIGN_IDENTITY = "Mac Developer";
				COPY_PHASE_STRIP = NO;
				DEBUG_INFORMATION_FORMAT = "dwarf-with-dsym";
				ENABLE_NS_ASSERTIONS = NO;
				ENABLE_STRICT_OBJC_MSGSEND = YES;
				GCC_C_LANGUAGE_STANDARD = gnu11;
				GCC_NO_COMMON_BLOCKS = YES;
				GCC_WARN_64_TO_32_BIT_CONVERSION = YES;
				GCC_WARN_ABOUT_RETURN_TYPE = YES_ERROR;
				GCC_WARN_UNDECLARED_SELECTOR = YES;
				GCC_WARN_UNINITIALIZED_AUTOS = YES_AGGRESSIVE;
				GCC_WARN_UNUSED_FUNCTION = YES;
				GCC_WARN_UNUSED_VARIABLE = YES;
				MACOSX_DEPLOYMENT_TARGET = 10.13;
				MTL_ENABLE_DEBUG_INFO = NO;
				SDKROOT = macosx;
				SWIFT_OPTIMIZATION_LEVEL = "-Owholemodule";
			};
			name = Release;
		};
		98F275971FB91D1600EB1241 /* Debug */ = {
			isa = XCBuildConfiguration;
			buildSettings = {
				ASSETCATALOG_COMPILER_APPICON_NAME = AppIcon;
				CODE_SIGN_STYLE = Automatic;
				COMBINE_HIDPI_IMAGES = YES;
				DEVELOPMENT_TEAM = 23G6F4JB4G;
				FRAMEWORK_SEARCH_PATHS = (
					"$(inherited)",
					"$(PROJECT_DIR)/Carthage/Build/Mac/**",
					"$(PROJECT_DIR)/Carthage/Build/Mac",
					"$(SRCROOT)/**",
				);
				INFOPLIST_FILE = MessageMap/Info.plist;
				LD_RUNPATH_SEARCH_PATHS = "$(inherited) @executable_path/../Frameworks";
				OTHER_SWIFT_FLAGS = "-Xfrontend -warn-long-function-bodies=500";
				PRODUCT_BUNDLE_IDENTIFIER = com.maxgreenwald.MessageMap;
				PRODUCT_NAME = "$(TARGET_NAME)";
				SWIFT_VERSION = 4.0;
			};
			name = Debug;
		};
		98F275981FB91D1600EB1241 /* Release */ = {
			isa = XCBuildConfiguration;
			buildSettings = {
				ASSETCATALOG_COMPILER_APPICON_NAME = AppIcon;
				CODE_SIGN_STYLE = Automatic;
				COMBINE_HIDPI_IMAGES = YES;
				DEVELOPMENT_TEAM = 23G6F4JB4G;
				FRAMEWORK_SEARCH_PATHS = (
					"$(inherited)",
					"$(PROJECT_DIR)/Carthage/Build/Mac/**",
					"$(PROJECT_DIR)/Carthage/Build/Mac",
					"$(SRCROOT)/**",
				);
				INFOPLIST_FILE = MessageMap/Info.plist;
				LD_RUNPATH_SEARCH_PATHS = "$(inherited) @executable_path/../Frameworks";
				OTHER_SWIFT_FLAGS = "-Xfrontend -warn-long-function-bodies=500";
				PRODUCT_BUNDLE_IDENTIFIER = com.maxgreenwald.MessageMap;
				PRODUCT_NAME = "$(TARGET_NAME)";
				SWIFT_VERSION = 4.0;
			};
			name = Release;
		};
/* End XCBuildConfiguration section */

/* Begin XCConfigurationList section */
		98F2756B1FB91D1600EB1241 /* Build configuration list for PBXProject "MessageMap" */ = {
			isa = XCConfigurationList;
			buildConfigurations = (
				98F275941FB91D1600EB1241 /* Debug */,
				98F275951FB91D1600EB1241 /* Release */,
			);
			defaultConfigurationIsVisible = 0;
			defaultConfigurationName = Release;
		};
		98F275961FB91D1600EB1241 /* Build configuration list for PBXNativeTarget "MessageMap" */ = {
			isa = XCConfigurationList;
			buildConfigurations = (
				98F275971FB91D1600EB1241 /* Debug */,
				98F275981FB91D1600EB1241 /* Release */,
			);
			defaultConfigurationIsVisible = 0;
			defaultConfigurationName = Release;
		};
/* End XCConfigurationList section */
	};
	rootObject = 98F275681FB91D1600EB1241 /* Project object */;
}
